
Microsoft Visual Studio Solution File, Format Version 12.00
# Visual Studio Version 17
VisualStudioVersion = 17.6.33815.320
MinimumVisualStudioVersion = 10.0.40219.1
Project("{FAE04EC0-301F-11D3-BF4B-00C04F79EFBC}") = "oyinXO", "oyinXO\oyinXO.csproj", "{0A4ECC86-35C4-4C57-9946-907F4F904B5D}"
EndProject
Global
	GlobalSection(SolutionConfigurationPlatforms) = preSolution
		Debug|Any CPU = Debug|Any CPU
		Release|Any CPU = Release|Any CPU
	EndGlobalSection
	GlobalSection(ProjectConfigurationPlatforms) = postSolution
		{0A4ECC86-35C4-4C57-9946-907F4F904B5D}.Debug|Any CPU.ActiveCfg = Debug|Any CPU
		{0A4ECC86-35C4-4C57-9946-907F4F904B5D}.Debug|Any CPU.Build.0 = Debug|Any CPU
		{0A4ECC86-35C4-4C57-9946-907F4F904B5D}.Release|Any CPU.ActiveCfg = Release|Any CPU
		{0A4ECC86-35C4-4C57-9946-907F4F904B5D}.Release|Any CPU.Build.0 = Release|Any CPU
	EndGlobalSection
	GlobalSection(SolutionProperties) = preSolution
		HideSolutionNode = FALSE
	EndGlobalSection
	GlobalSection(ExtensibilityGlobals) = postSolution
		SolutionGuid = {0B45AD63-3BC3-4487-B84B-5BDB7DD242B1}
	EndGlobalSection
EndGlobal
